{
  "version": 4,
  "terraform_version": "1.2.5",
  "serial": 2143,
  "lineage": "621a023f-1303-8e0d-511b-7c97ed433802",
  "outputs": {
    "API_URL": {
      "value": "https://zffqx9lg98.execute-api.eu-central-1.amazonaws.com/apigateway_stage",
      "type": "string"
    }
  },
  "resources": [
    {
      "mode": "data",
      "type": "archive_file",
      "name": "zip_get_func",
      "provider": "provider[\"registry.terraform.io/hashicorp/archive\"]",
      "instances": [
        {
          "index_key": "get-function",
          "schema_version": 0,
          "attributes": {
            "excludes": null,
            "id": "5aa85c01840182237a24652ca0b9a637ea464cab",
            "output_base64sha256": "TglMFSaEkrcOolczAEHBD+K19Bmd/luDmjdO32xL/gg=",
            "output_file_mode": null,
            "output_md5": "86c4b9bf2e4b647fb618c27df7ae47b5",
            "output_path": "./build/get-function/get-function.zip",
            "output_sha": "5aa85c01840182237a24652ca0b9a637ea464cab",
            "output_size": 914385,
            "source": [],
            "source_content": null,
            "source_content_filename": null,
            "source_dir": null,
            "source_file": "./build/get-function/index.js",
            "type": "zip"
          },
          "sensitive_attributes": []
        },
        {
          "index_key": "set-function",
          "schema_version": 0,
          "attributes": {
            "excludes": null,
            "id": "744b642e9a40d7640934f5882e46dfe19e491160",
            "output_base64sha256": "ufJ73IP1yNCV/7w5HFW+OHK1jQf7yfTi9sVyPeQ2n2A=",
            "output_file_mode": null,
            "output_md5": "c5c76eca43483468f37b5839b197f210",
            "output_path": "./build/set-function/set-function.zip",
            "output_sha": "744b642e9a40d7640934f5882e46dfe19e491160",
            "output_size": 925351,
            "source": [],
            "source_content": null,
            "source_content_filename": null,
            "source_dir": null,
            "source_file": "./build/set-function/index.js",
            "type": "zip"
          },
          "sensitive_attributes": []
        }
      ]
    },
    {
      "mode": "managed",
      "type": "aws_apigatewayv2_api",
      "name": "apigateway",
      "provider": "provider[\"registry.terraform.io/hashicorp/aws\"]",
      "instances": [
        {
          "schema_version": 0,
          "attributes": {
            "api_endpoint": "https://zffqx9lg98.execute-api.eu-central-1.amazonaws.com",
            "api_key_selection_expression": "$request.header.x-api-key",
            "arn": "arn:aws:apigateway:eu-central-1::/apis/zffqx9lg98",
            "body": null,
            "cors_configuration": [
              {
                "allow_credentials": false,
                "allow_headers": [
                  "content-type"
                ],
                "allow_methods": [
                  "GET",
                  "POST"
                ],
                "allow_origins": [
                  "*"
                ],
                "expose_headers": null,
                "max_age": 300
              }
            ],
            "credentials_arn": null,
            "description": "",
            "disable_execute_api_endpoint": false,
            "execution_arn": "arn:aws:execute-api:eu-central-1:734471709696:zffqx9lg98",
            "fail_on_warnings": null,
            "id": "zffqx9lg98",
            "name": "apigateway",
            "protocol_type": "HTTP",
            "route_key": null,
            "route_selection_expression": "$request.method $request.path",
            "tags": null,
            "tags_all": {},
            "target": null,
            "version": ""
          },
          "sensitive_attributes": [],
          "private": "bnVsbA=="
        }
      ]
    },
    {
      "mode": "managed",
      "type": "aws_apigatewayv2_integration",
      "name": "apigateway_integration",
      "provider": "provider[\"registry.terraform.io/hashicorp/aws\"]",
      "instances": [
        {
          "index_key": "get_func",
          "schema_version": 0,
          "attributes": {
            "api_id": "zffqx9lg98",
            "connection_id": "",
            "connection_type": "INTERNET",
            "content_handling_strategy": "",
            "credentials_arn": "",
            "description": "",
            "id": "sms4jhn",
            "integration_method": "POST",
            "integration_response_selection_expression": "",
            "integration_subtype": "",
            "integration_type": "AWS_PROXY",
            "integration_uri": "arn:aws:apigateway:eu-central-1:lambda:path/2015-03-31/functions/arn:aws:lambda:eu-central-1:734471709696:function:Get-Function/invocations",
            "passthrough_behavior": "",
            "payload_format_version": "1.0",
            "request_parameters": null,
            "request_templates": null,
            "response_parameters": [],
            "template_selection_expression": "",
            "timeout_milliseconds": 30000,
            "tls_config": []
          },
          "sensitive_attributes": [],
          "private": "bnVsbA==",
          "dependencies": [
            "aws_apigatewayv2_api.apigateway",
            "aws_iam_policy.iam_policy_for_lambda",
            "aws_iam_role.lambda_role",
            "aws_iam_role_policy_attachment.attach_iam_policy_to_iam_role",
            "aws_lambda_function.lambda_get_func",
            "aws_lambda_function.lambda_set_func"
          ]
        },
        {
          "index_key": "set_func",
          "schema_version": 0,
          "attributes": {
            "api_id": "zffqx9lg98",
            "connection_id": "",
            "connection_type": "INTERNET",
            "content_handling_strategy": "",
            "credentials_arn": "",
            "description": "",
            "id": "jhcteuj",
            "integration_method": "POST",
            "integration_response_selection_expression": "",
            "integration_subtype": "",
            "integration_type": "AWS_PROXY",
            "integration_uri": "arn:aws:apigateway:eu-central-1:lambda:path/2015-03-31/functions/arn:aws:lambda:eu-central-1:734471709696:function:Set-Function/invocations",
            "passthrough_behavior": "",
            "payload_format_version": "1.0",
            "request_parameters": null,
            "request_templates": null,
            "response_parameters": [],
            "template_selection_expression": "",
            "timeout_milliseconds": 30000,
            "tls_config": []
          },
          "sensitive_attributes": [],
          "private": "bnVsbA==",
          "dependencies": [
            "aws_apigatewayv2_api.apigateway",
            "aws_iam_policy.iam_policy_for_lambda",
            "aws_iam_role.lambda_role",
            "aws_iam_role_policy_attachment.attach_iam_policy_to_iam_role",
            "aws_lambda_function.lambda_get_func",
            "aws_lambda_function.lambda_set_func"
          ]
        }
      ]
    },
    {
      "mode": "managed",
      "type": "aws_apigatewayv2_route",
      "name": "apigateway_routes_get_func",
      "provider": "provider[\"registry.terraform.io/hashicorp/aws\"]",
      "instances": [
        {
          "index_key": "GET /submissions",
          "schema_version": 0,
          "attributes": {
            "api_id": "zffqx9lg98",
            "api_key_required": false,
            "authorization_scopes": null,
            "authorization_type": "NONE",
            "authorizer_id": "",
            "id": "xpspneb",
            "model_selection_expression": "",
            "operation_name": "",
            "request_models": null,
            "request_parameter": [],
            "route_key": "GET /submissions",
            "route_response_selection_expression": "",
            "target": "integrations/sms4jhn"
          },
          "sensitive_attributes": [],
          "private": "bnVsbA==",
          "dependencies": [
            "aws_apigatewayv2_api.apigateway",
            "aws_apigatewayv2_integration.apigateway_integration",
            "aws_iam_policy.iam_policy_for_lambda",
            "aws_iam_role.lambda_role",
            "aws_iam_role_policy_attachment.attach_iam_policy_to_iam_role",
            "aws_lambda_function.lambda_get_func",
            "aws_lambda_function.lambda_set_func"
          ]
        },
        {
          "index_key": "GET /submissions/{id}",
          "schema_version": 0,
          "attributes": {
            "api_id": "zffqx9lg98",
            "api_key_required": false,
            "authorization_scopes": null,
            "authorization_type": "NONE",
            "authorizer_id": "",
            "id": "dvv3bmo",
            "model_selection_expression": "",
            "operation_name": "",
            "request_models": null,
            "request_parameter": [],
            "route_key": "GET /submissions/{id}",
            "route_response_selection_expression": "",
            "target": "integrations/sms4jhn"
          },
          "sensitive_attributes": [],
          "private": "bnVsbA==",
          "dependencies": [
            "aws_apigatewayv2_api.apigateway",
            "aws_apigatewayv2_integration.apigateway_integration",
            "aws_iam_policy.iam_policy_for_lambda",
            "aws_iam_role.lambda_role",
            "aws_iam_role_policy_attachment.attach_iam_policy_to_iam_role",
            "aws_lambda_function.lambda_get_func",
            "aws_lambda_function.lambda_set_func"
          ]
        }
      ]
    },
    {
      "mode": "managed",
      "type": "aws_apigatewayv2_route",
      "name": "apigateway_routes_set_func",
      "provider": "provider[\"registry.terraform.io/hashicorp/aws\"]",
      "instances": [
        {
          "schema_version": 0,
          "attributes": {
            "api_id": "zffqx9lg98",
            "api_key_required": false,
            "authorization_scopes": null,
            "authorization_type": "NONE",
            "authorizer_id": "",
            "id": "6k6404d",
            "model_selection_expression": "",
            "operation_name": "",
            "request_models": null,
            "request_parameter": [],
            "route_key": "POST /submissions",
            "route_response_selection_expression": "",
            "target": "integrations/jhcteuj"
          },
          "sensitive_attributes": [],
          "private": "bnVsbA==",
          "dependencies": [
            "aws_apigatewayv2_api.apigateway",
            "aws_apigatewayv2_integration.apigateway_integration",
            "aws_iam_policy.iam_policy_for_lambda",
            "aws_iam_role.lambda_role",
            "aws_iam_role_policy_attachment.attach_iam_policy_to_iam_role",
            "aws_lambda_function.lambda_get_func",
            "aws_lambda_function.lambda_set_func"
          ]
        }
      ]
    },
    {
      "mode": "managed",
      "type": "aws_apigatewayv2_stage",
      "name": "apigateway_stage",
      "provider": "provider[\"registry.terraform.io/hashicorp/aws\"]",
      "instances": [
        {
          "schema_version": 0,
          "attributes": {
            "access_log_settings": [],
            "api_id": "zffqx9lg98",
            "arn": "arn:aws:apigateway:eu-central-1::/apis/zffqx9lg98/stages/apigateway_stage",
            "auto_deploy": true,
            "client_certificate_id": "",
            "default_route_settings": [
              {
                "data_trace_enabled": false,
                "detailed_metrics_enabled": false,
                "logging_level": "",
                "throttling_burst_limit": 0,
                "throttling_rate_limit": 0
              }
            ],
            "deployment_id": "",
            "description": "",
            "execution_arn": "arn:aws:execute-api:eu-central-1:734471709696:zffqx9lg98/apigateway_stage",
            "id": "apigateway_stage",
            "invoke_url": "https://zffqx9lg98.execute-api.eu-central-1.amazonaws.com/apigateway_stage",
            "name": "apigateway_stage",
            "route_settings": [],
            "stage_variables": null,
            "tags": null,
            "tags_all": {}
          },
          "sensitive_attributes": [],
          "private": "bnVsbA==",
          "dependencies": [
            "aws_apigatewayv2_api.apigateway"
          ]
        }
      ]
    },
    {
      "mode": "managed",
      "type": "aws_dynamodb_table",
      "name": "submissions",
      "provider": "provider[\"registry.terraform.io/hashicorp/aws\"]",
      "instances": [
        {
          "schema_version": 1,
          "attributes": {
            "arn": "arn:aws:dynamodb:eu-central-1:734471709696:table/submissions",
            "attribute": [
              {
                "name": "id",
                "type": "S"
              }
            ],
            "billing_mode": "PROVISIONED",
            "global_secondary_index": [],
            "hash_key": "id",
            "id": "submissions",
            "local_secondary_index": [],
            "name": "submissions",
            "point_in_time_recovery": [
              {
                "enabled": false
              }
            ],
            "range_key": null,
            "read_capacity": 5,
            "replica": [],
            "restore_date_time": null,
            "restore_source_name": null,
            "restore_to_latest_time": null,
            "server_side_encryption": [],
            "stream_arn": "",
            "stream_enabled": false,
            "stream_label": "",
            "stream_view_type": "",
            "table_class": "",
            "tags": null,
            "tags_all": {},
            "timeouts": null,
            "ttl": [
              {
                "attribute_name": "",
                "enabled": false
              }
            ],
            "write_capacity": 5
          },
          "sensitive_attributes": [],
          "private": "eyJlMmJmYjczMC1lY2FhLTExZTYtOGY4OC0zNDM2M2JjN2M0YzAiOnsiY3JlYXRlIjoxODAwMDAwMDAwMDAwLCJkZWxldGUiOjYwMDAwMDAwMDAwMCwidXBkYXRlIjozNjAwMDAwMDAwMDAwfSwic2NoZW1hX3ZlcnNpb24iOiIxIn0="
        }
      ]
    },
    {
      "mode": "managed",
      "type": "aws_iam_policy",
      "name": "iam_policy_for_lambda",
      "provider": "provider[\"registry.terraform.io/hashicorp/aws\"]",
      "instances": [
        {
          "schema_version": 0,
          "attributes": {
            "arn": "arn:aws:iam::734471709696:policy/aws_iam_policy_for_terraform_aws_lambda_role",
            "description": "AWS IAM Policy for managing aws lambda role",
            "id": "arn:aws:iam::734471709696:policy/aws_iam_policy_for_terraform_aws_lambda_role",
            "name": "aws_iam_policy_for_terraform_aws_lambda_role",
            "name_prefix": null,
            "path": "/",
            "policy": "{\"Statement\":[{\"Action\":[\"dynamodb:BatchGetItem\",\"dynamodb:GetItem\",\"dynamodb:Query\",\"dynamodb:Scan\",\"dynamodb:BatchWriteItem\",\"dynamodb:PutItem\",\"dynamodb:UpdateItem\"],\"Effect\":\"Allow\",\"Resource\":\"arn:aws:dynamodb:eu-central-1:734471709696:table/submissions\"}],\"Version\":\"2012-10-17\"}",
            "policy_id": "ANPA2WAPM4QAHIVAEO5QK",
            "tags": null,
            "tags_all": {}
          },
          "sensitive_attributes": [],
          "private": "bnVsbA=="
        }
      ]
    },
    {
      "mode": "managed",
      "type": "aws_iam_role",
      "name": "lambda_role",
      "provider": "provider[\"registry.terraform.io/hashicorp/aws\"]",
      "instances": [
        {
          "schema_version": 0,
          "attributes": {
            "arn": "arn:aws:iam::734471709696:role/lambda_function_role",
            "assume_role_policy": "{\"Statement\":[{\"Action\":\"sts:AssumeRole\",\"Effect\":\"Allow\",\"Principal\":{\"Service\":\"lambda.amazonaws.com\"},\"Sid\":\"\"}],\"Version\":\"2012-10-17\"}",
            "create_date": "2022-08-01T08:02:14Z",
            "description": "",
            "force_detach_policies": false,
            "id": "lambda_function_role",
            "inline_policy": [],
            "managed_policy_arns": [],
            "max_session_duration": 3600,
            "name": "lambda_function_role",
            "name_prefix": "",
            "path": "/",
            "permissions_boundary": null,
            "tags": null,
            "tags_all": {},
            "unique_id": "AROA2WAPM4QAPZ677W753"
          },
          "sensitive_attributes": [],
          "private": "bnVsbA=="
        }
      ]
    },
    {
      "mode": "managed",
      "type": "aws_iam_role_policy_attachment",
      "name": "attach_iam_policy_to_iam_role",
      "provider": "provider[\"registry.terraform.io/hashicorp/aws\"]",
      "instances": [
        {
          "schema_version": 0,
          "attributes": {
            "id": "lambda_function_role-20220801080216299100000001",
            "policy_arn": "arn:aws:iam::734471709696:policy/aws_iam_policy_for_terraform_aws_lambda_role",
            "role": "lambda_function_role"
          },
          "sensitive_attributes": [],
          "private": "bnVsbA==",
          "dependencies": [
            "aws_iam_policy.iam_policy_for_lambda",
            "aws_iam_role.lambda_role"
          ]
        }
      ]
    },
    {
      "mode": "managed",
      "type": "aws_lambda_function",
      "name": "lambda_get_func",
      "provider": "provider[\"registry.terraform.io/hashicorp/aws\"]",
      "instances": [
        {
          "schema_version": 0,
          "attributes": {
            "architectures": [
              "x86_64"
            ],
            "arn": "arn:aws:lambda:eu-central-1:734471709696:function:Get-Function",
            "code_signing_config_arn": "",
            "dead_letter_config": [],
            "description": "",
            "environment": [],
            "ephemeral_storage": [
              {
                "size": 512
              }
            ],
            "file_system_config": [],
            "filename": "./build/get-function/get-function.zip",
            "function_name": "Get-Function",
            "handler": "index.lambdaHandler",
            "id": "Get-Function",
            "image_config": [],
            "image_uri": "",
            "invoke_arn": "arn:aws:apigateway:eu-central-1:lambda:path/2015-03-31/functions/arn:aws:lambda:eu-central-1:734471709696:function:Get-Function/invocations",
            "kms_key_arn": "",
            "last_modified": "2022-08-01T08:02:32.335+0000",
            "layers": null,
            "memory_size": 128,
            "package_type": "Zip",
            "publish": false,
            "qualified_arn": "arn:aws:lambda:eu-central-1:734471709696:function:Get-Function:$LATEST",
            "reserved_concurrent_executions": -1,
            "role": "arn:aws:iam::734471709696:role/lambda_function_role",
            "runtime": "nodejs14.x",
            "s3_bucket": null,
            "s3_key": null,
            "s3_object_version": null,
            "signing_job_arn": "",
            "signing_profile_version_arn": "",
            "source_code_hash": "TglMFSaEkrcOolczAEHBD+K19Bmd/luDmjdO32xL/gg=",
            "source_code_size": 914385,
            "tags": null,
            "tags_all": {},
            "timeout": 3,
            "timeouts": null,
            "tracing_config": [
              {
                "mode": "PassThrough"
              }
            ],
            "version": "$LATEST",
            "vpc_config": []
          },
          "sensitive_attributes": [],
          "private": "eyJlMmJmYjczMC1lY2FhLTExZTYtOGY4OC0zNDM2M2JjN2M0YzAiOnsiY3JlYXRlIjo2MDAwMDAwMDAwMDB9fQ==",
          "dependencies": [
            "aws_iam_policy.iam_policy_for_lambda",
            "aws_iam_role.lambda_role",
            "aws_iam_role_policy_attachment.attach_iam_policy_to_iam_role"
          ]
        }
      ]
    },
    {
      "mode": "managed",
      "type": "aws_lambda_function",
      "name": "lambda_set_func",
      "provider": "provider[\"registry.terraform.io/hashicorp/aws\"]",
      "instances": [
        {
          "schema_version": 0,
          "attributes": {
            "architectures": [
              "x86_64"
            ],
            "arn": "arn:aws:lambda:eu-central-1:734471709696:function:Set-Function",
            "code_signing_config_arn": "",
            "dead_letter_config": [],
            "description": "",
            "environment": [],
            "ephemeral_storage": [
              {
                "size": 512
              }
            ],
            "file_system_config": [],
            "filename": "./build/set-function/set-function.zip",
            "function_name": "Set-Function",
            "handler": "index.lambdaHandler",
            "id": "Set-Function",
            "image_config": [],
            "image_uri": "",
            "invoke_arn": "arn:aws:apigateway:eu-central-1:lambda:path/2015-03-31/functions/arn:aws:lambda:eu-central-1:734471709696:function:Set-Function/invocations",
            "kms_key_arn": "",
            "last_modified": "2022-08-01T08:02:26.672+0000",
            "layers": null,
            "memory_size": 128,
            "package_type": "Zip",
            "publish": false,
            "qualified_arn": "arn:aws:lambda:eu-central-1:734471709696:function:Set-Function:$LATEST",
            "reserved_concurrent_executions": -1,
            "role": "arn:aws:iam::734471709696:role/lambda_function_role",
            "runtime": "nodejs14.x",
            "s3_bucket": null,
            "s3_key": null,
            "s3_object_version": null,
            "signing_job_arn": "",
            "signing_profile_version_arn": "",
            "source_code_hash": "ufJ73IP1yNCV/7w5HFW+OHK1jQf7yfTi9sVyPeQ2n2A=",
            "source_code_size": 925351,
            "tags": null,
            "tags_all": {},
            "timeout": 3,
            "timeouts": null,
            "tracing_config": [
              {
                "mode": "PassThrough"
              }
            ],
            "version": "$LATEST",
            "vpc_config": []
          },
          "sensitive_attributes": [],
          "private": "eyJlMmJmYjczMC1lY2FhLTExZTYtOGY4OC0zNDM2M2JjN2M0YzAiOnsiY3JlYXRlIjo2MDAwMDAwMDAwMDB9fQ==",
          "dependencies": [
            "aws_iam_policy.iam_policy_for_lambda",
            "aws_iam_role.lambda_role",
            "aws_iam_role_policy_attachment.attach_iam_policy_to_iam_role"
          ]
        }
      ]
    },
    {
      "mode": "managed",
      "type": "aws_lambda_permission",
      "name": "api_gw_lambda_permission",
      "provider": "provider[\"registry.terraform.io/hashicorp/aws\"]",
      "instances": [
        {
          "index_key": "get_func",
          "schema_version": 0,
          "attributes": {
            "action": "lambda:InvokeFunction",
            "event_source_token": null,
            "function_name": "Get-Function",
            "function_url_auth_type": null,
            "id": "AllowExecutionFromAPIGateway",
            "principal": "apigateway.amazonaws.com",
            "principal_org_id": null,
            "qualifier": "",
            "source_account": null,
            "source_arn": "arn:aws:execute-api:eu-central-1:734471709696:zffqx9lg98/*/*",
            "statement_id": "AllowExecutionFromAPIGateway",
            "statement_id_prefix": ""
          },
          "sensitive_attributes": [],
          "private": "bnVsbA==",
          "dependencies": [
            "aws_apigatewayv2_api.apigateway",
            "aws_iam_policy.iam_policy_for_lambda",
            "aws_iam_role.lambda_role",
            "aws_iam_role_policy_attachment.attach_iam_policy_to_iam_role",
            "aws_lambda_function.lambda_get_func",
            "aws_lambda_function.lambda_set_func"
          ]
        },
        {
          "index_key": "set_func",
          "schema_version": 0,
          "attributes": {
            "action": "lambda:InvokeFunction",
            "event_source_token": null,
            "function_name": "Set-Function",
            "function_url_auth_type": null,
            "id": "AllowExecutionFromAPIGateway",
            "principal": "apigateway.amazonaws.com",
            "principal_org_id": null,
            "qualifier": "",
            "source_account": null,
            "source_arn": "arn:aws:execute-api:eu-central-1:734471709696:zffqx9lg98/*/*",
            "statement_id": "AllowExecutionFromAPIGateway",
            "statement_id_prefix": ""
          },
          "sensitive_attributes": [],
          "private": "bnVsbA==",
          "dependencies": [
            "aws_apigatewayv2_api.apigateway",
            "aws_iam_policy.iam_policy_for_lambda",
            "aws_iam_role.lambda_role",
            "aws_iam_role_policy_attachment.attach_iam_policy_to_iam_role",
            "aws_lambda_function.lambda_get_func",
            "aws_lambda_function.lambda_set_func"
          ]
        }
      ]
    }
  ]
}
